{
  "name": "figma",
  "version": "1.0.0",
  "lockfileVersion": 3,
  "requires": true,
  "packages": {
    "": {
      "name": "figma",
      "version": "1.0.0",
      "license": "ISC",
      "dependencies": {
        "@jsquash/avif": "^2.1.1"
      }
    },
    "node_modules/@jsquash/avif": {
      "version": "2.1.1",
      "resolved": "https://registry.npmjs.org/@jsquash/avif/-/avif-2.1.1.tgz",
      "integrity": "sha512-LMRxd0fMgfCLtobDh0/sFYJMMiRJTNYSEEWvRDKXlAeZ08t3gI5V+1thIT0XjXJ+SVG7Zug9B0XPyx0Ti5VRNA==",
      "license": "Apache-2.0",
      "dependencies": {
        "wasm-feature-detect": "^1.2.11"
      }
    },
    "node_modules/wasm-feature-detect": {
      "version": "1.8.0",
      "resolved": "https://registry.npmjs.org/wasm-feature-detect/-/wasm-feature-detect-1.8.0.tgz",
      "integrity": "sha512-zksaLKM2fVlnB5jQQDqKXXwYHLQUVH9es+5TOOHwGOVJOCeRBCiPjwSg+3tN2AdTCzjgli4jijCH290kXb/zWQ==",
      "license": "Apache-2.0"
    }
  }
}
